{
  "version": 4,
  "terraform_version": "1.7.0",
  "serial": 75,
  "lineage": "2fc9f082-0e79-5d76-f379-9dd8ae87887f",
  "outputs": {
    "list_output": {
      "value": [
        "Divanshu",
        "Hardik",
        "Vansh",
        "Vaibhav"
      ],
      "type": [
        "list",
        "string"
      ]
    },
    "map_output": {
      "value": {
        "name": "Divanshu",
        "position": "Software Trainee"
      },
      "type": [
        "map",
        "string"
      ]
    },
    "number_output": {
      "value": 100,
      "type": "number"
    },
    "object_output": {
      "value": {
        "age": 25,
        "name": "Vansh",
        "state": "Maharashtra"
      },
      "type": [
        "object",
        {
          "age": "number",
          "name": "string",
          "state": "string"
        }
      ]
    },
    "random_id": {
      "value": "Sj1rrMvxLd4",
      "type": "string"
    },
    "string_output": {
      "value": "Hello Everyone, How are you all ?",
      "type": "string"
    }
  },
  "resources": [
    {
      "mode": "managed",
      "type": "local_file",
      "name": "res1",
      "provider": "provider[\"registry.terraform.io/hashicorp/local\"]",
      "instances": [
        {
          "schema_version": 0,
          "attributes": {
            "content": "Hello Everyone, How are you all ?",
            "content_base64": null,
            "content_base64sha256": "bivKdkcDya2pGKw925/E/BXI26HT5cFre3TijL6UeFw=",
            "content_base64sha512": "mrzZdmGL9s7phcSBNyUZ7gerjwdXeGcPHWw3EaDhlH2V8KmVJmxCedy6RmlWtEXv46AqNWhFsr6jjNjL4nao9Q==",
            "content_md5": "d00653221c536a37527547575125265b",
            "content_sha1": "372c3963b591a6340c8e463373acca08a6a61c37",
            "content_sha256": "6e2bca764703c9ada918ac3ddb9fc4fc15c8dba1d3e5c16b7b74e28cbe94785c",
            "content_sha512": "9abcd976618bf6cee985c481372519ee07ab8f075778670f1d6c3711a0e1947d95f0a995266c4279dcba466956b445efe3a02a356845b2bea38cd8cbe276a8f5",
            "directory_permission": "0777",
            "file_permission": "0777",
            "filename": "./tera1/string",
            "id": "372c3963b591a6340c8e463373acca08a6a61c37",
            "sensitive_content": null,
            "source": null
          },
          "sensitive_attributes": []
        }
      ]
    },
    {
      "mode": "managed",
      "type": "local_file",
      "name": "res2",
      "provider": "provider[\"registry.terraform.io/hashicorp/local\"]",
      "instances": [
        {
          "schema_version": 0,
          "attributes": {
            "content": "100",
            "content_base64": null,
            "content_base64sha256": "rVc2aGUSblVknssjrh1IiHVEl27+pGpI612Fpu600wY=",
            "content_base64sha512": "ZDww9zowFwULKHeU/IxbuasGuc44ofxY30Aqi2b/WPab8KYGrhdYU1KgMG8Ol1LejFwGSu1wA/UoCLQ/+ZKmAw==",
            "content_md5": "f899139df5e1059396431415e770c6dd",
            "content_sha1": "310b86e0b62b828562fc91c7be5380a992b2786a",
            "content_sha256": "ad57366865126e55649ecb23ae1d48887544976efea46a48eb5d85a6eeb4d306",
            "content_sha512": "643c30f73a3017050b287794fc8c5bb9ab06b9ce38a1fc58df402a8b66ff58f69bf0a606ae17585352a0306f0e9752de8c5c064aed7003f52808b43ff992a603",
            "directory_permission": "0777",
            "file_permission": "0777",
            "filename": "./tera1/number",
            "id": "310b86e0b62b828562fc91c7be5380a992b2786a",
            "sensitive_content": null,
            "source": null
          },
          "sensitive_attributes": []
        }
      ]
    },
    {
      "mode": "managed",
      "type": "local_file",
      "name": "res3",
      "provider": "provider[\"registry.terraform.io/hashicorp/local\"]",
      "instances": [
        {
          "schema_version": 0,
          "attributes": {
            "content": "Divanshu",
            "content_base64": null,
            "content_base64sha256": "4VMgAAJSwLt+AW7PRGsgmnysHjGxAGiDilYuIV19/A8=",
            "content_base64sha512": "EFkGriJ4hf8bSCPtFtRc9Sj0d7mrUGRGq0s4j5Zi8Z9o9OJHNjlW5LfF6w0rPBJz4nJJeu6miVg2YVwX1BlSBw==",
            "content_md5": "292e9129c5941b1d90be79266dad2567",
            "content_sha1": "b9ecabfdd609c56283ebebceb4a01ca6e44533db",
            "content_sha256": "e15320000252c0bb7e016ecf446b209a7cac1e31b10068838a562e215d7dfc0f",
            "content_sha512": "105906ae227885ff1b4823ed16d45cf528f477b9ab506446ab4b388f9662f19f68f4e247363956e4b7c5eb0d2b3c1273e272497aeea6895836615c17d4195207",
            "directory_permission": "0777",
            "file_permission": "0777",
            "filename": "./tera2/list",
            "id": "b9ecabfdd609c56283ebebceb4a01ca6e44533db",
            "sensitive_content": null,
            "source": null
          },
          "sensitive_attributes": []
        }
      ]
    },
    {
      "mode": "managed",
      "type": "local_file",
      "name": "res4",
      "provider": "provider[\"registry.terraform.io/hashicorp/local\"]",
      "instances": [
        {
          "schema_version": 0,
          "attributes": {
            "content": "Software Trainee",
            "content_base64": null,
            "content_base64sha256": "XTmZ8lvvAfjQLdzypuX4fWyFTS5QUppYgJ9c7FhnCeU=",
            "content_base64sha512": "neypu3A+q2GuUJ3P1YFmyjm9L8ZWr7ElZ6IHOijYLAai9kC/ObpiQfx5YQIgajE4oIs+VaNZ236XpGvyuoCMAw==",
            "content_md5": "7c2cb30ebb99ef20c51c7934e2e50f3f",
            "content_sha1": "f01fc770483bc2e469951d49e1bcea63c9f75bb9",
            "content_sha256": "5d3999f25bef01f8d02ddcf2a6e5f87d6c854d2e50529a58809f5cec586709e5",
            "content_sha512": "9deca9bb703eab61ae509dcfd58166ca39bd2fc656afb12567a2073a28d82c06a2f640bf39ba6241fc796102206a3138a08b3e55a359db7e97a46bf2ba808c03",
            "directory_permission": "0777",
            "file_permission": "0777",
            "filename": "./tera2/map",
            "id": "f01fc770483bc2e469951d49e1bcea63c9f75bb9",
            "sensitive_content": null,
            "source": null
          },
          "sensitive_attributes": []
        }
      ]
    },
    {
      "mode": "managed",
      "type": "local_file",
      "name": "res5",
      "provider": "provider[\"registry.terraform.io/hashicorp/local\"]",
      "instances": [
        {
          "schema_version": 0,
          "attributes": {
            "content": "Maharashtra",
            "content_base64": null,
            "content_base64sha256": "7SNsFDVu/AuRmbJXOT0ofpM7lKE2hxsreI1M1atKw8Q=",
            "content_base64sha512": "tIkDLq+Lr2yrbgZw0NV/dajyOa7YU034Akdy1sR/zwE8OzfR8MAYiLLZY0R0XI5IMQzIQU74xqprEuKsqPNK9g==",
            "content_md5": "84e516108956e6e374941043b5f73e86",
            "content_sha1": "997c4cba218f554f64273e51c7fdabf5946472ad",
            "content_sha256": "ed236c14356efc0b9199b257393d287e933b94a136871b2b788d4cd5ab4ac3c4",
            "content_sha512": "b489032eaf8baf6cab6e0670d0d57f75a8f239aed8534df8024772d6c47fcf013c3b37d1f0c01888b2d96344745c8e48310cc8414ef8c6aa6b12e2aca8f34af6",
            "directory_permission": "0777",
            "file_permission": "0777",
            "filename": "./tera3/object",
            "id": "997c4cba218f554f64273e51c7fdabf5946472ad",
            "sensitive_content": null,
            "source": null
          },
          "sensitive_attributes": []
        }
      ]
    },
    {
      "mode": "managed",
      "type": "random_id",
      "name": "server",
      "provider": "provider[\"registry.terraform.io/hashicorp/random\"]",
      "instances": [
        {
          "schema_version": 0,
          "attributes": {
            "b64_std": "Sj1rrMvxLd4=",
            "b64_url": "Sj1rrMvxLd4",
            "byte_length": 8,
            "dec": "5349550322286144990",
            "hex": "4a3d6baccbf12dde",
            "id": "Sj1rrMvxLd4",
            "keepers": {
              "ami_id": "mmmmmmmmmmmmmmmmmm"
            },
            "prefix": null
          },
          "sensitive_attributes": []
        }
      ]
    }
  ],
  "check_results": null
}
